// !$*UTF8*$!
{
	archiveVersion = 1;
	classes = {
	};
	objectVersion = 56;
	objects = {

/* Begin PBXBuildFile section */
		14533D312C77E6590095F4E5 /* HttpGetClientIProtocol.swift in Sources */ = {isa = PBXBuildFile; fileRef = 14533D302C77E6590095F4E5 /* HttpGetClientIProtocol.swift */; };
		14533D332C77E6870095F4E5 /* NetworkError.swift in Sources */ = {isa = PBXBuildFile; fileRef = 14533D322C77E6870095F4E5 /* NetworkError.swift */; };
		14533D352C77EB740095F4E5 /* URLSessionAdapter.swift in Sources */ = {isa = PBXBuildFile; fileRef = 14533D342C77EB740095F4E5 /* URLSessionAdapter.swift */; };
		14533D392C7800310095F4E5 /* ProductRepositoryProtocol.swift in Sources */ = {isa = PBXBuildFile; fileRef = 14533D382C7800310095F4E5 /* ProductRepositoryProtocol.swift */; };
		14533D3B2C7800650095F4E5 /* RemoteProductRepository.swift in Sources */ = {isa = PBXBuildFile; fileRef = 14533D3A2C7800650095F4E5 /* RemoteProductRepository.swift */; };
		14533D3F2C78026F0095F4E5 /* SpotlightItem.swift in Sources */ = {isa = PBXBuildFile; fileRef = 14533D3E2C78026F0095F4E5 /* SpotlightItem.swift */; };
		14533D412C78029F0095F4E5 /* Product.swift in Sources */ = {isa = PBXBuildFile; fileRef = 14533D402C78029F0095F4E5 /* Product.swift */; };
		14533D432C7802A90095F4E5 /* CashInfo.swift in Sources */ = {isa = PBXBuildFile; fileRef = 14533D422C7802A90095F4E5 /* CashInfo.swift */; };
		14533D452C7802AF0095F4E5 /* ProductResponse.swift in Sources */ = {isa = PBXBuildFile; fileRef = 14533D442C7802AF0095F4E5 /* ProductResponse.swift */; };
		1472E1462C77D3D8009CA7C3 /* AppDelegate.swift in Sources */ = {isa = PBXBuildFile; fileRef = 1472E1452C77D3D8009CA7C3 /* AppDelegate.swift */; };
		1472E1482C77D3D8009CA7C3 /* SceneDelegate.swift in Sources */ = {isa = PBXBuildFile; fileRef = 1472E1472C77D3D8009CA7C3 /* SceneDelegate.swift */; };
		1472E14A2C77D3D8009CA7C3 /* ViewController.swift in Sources */ = {isa = PBXBuildFile; fileRef = 1472E1492C77D3D8009CA7C3 /* ViewController.swift */; };
		1472E14D2C77D3D8009CA7C3 /* Base in Resources */ = {isa = PBXBuildFile; fileRef = 1472E14C2C77D3D8009CA7C3 /* Base */; };
		1472E14F2C77D3D9009CA7C3 /* Assets.xcassets in Resources */ = {isa = PBXBuildFile; fileRef = 1472E14E2C77D3D9009CA7C3 /* Assets.xcassets */; };
		1472E1522C77D3D9009CA7C3 /* Base in Resources */ = {isa = PBXBuildFile; fileRef = 1472E1512C77D3D9009CA7C3 /* Base */; };
		1472E15D2C77D3D9009CA7C3 /* digioTests.swift in Sources */ = {isa = PBXBuildFile; fileRef = 1472E15C2C77D3D9009CA7C3 /* digioTests.swift */; };
		1472E1672C77D3D9009CA7C3 /* digioUITests.swift in Sources */ = {isa = PBXBuildFile; fileRef = 1472E1662C77D3D9009CA7C3 /* digioUITests.swift */; };
		1472E1692C77D3D9009CA7C3 /* digioUITestsLaunchTests.swift in Sources */ = {isa = PBXBuildFile; fileRef = 1472E1682C77D3D9009CA7C3 /* digioUITestsLaunchTests.swift */; };
		414E478EE2E1CB3CE5BAF1E5 /* Pods_digioTests.framework in Frameworks */ = {isa = PBXBuildFile; fileRef = 7ABB333B98F318B41DC8201D /* Pods_digioTests.framework */; };
		84F38F23B4FF8EBE8726B682 /* Pods_digio.framework in Frameworks */ = {isa = PBXBuildFile; fileRef = 02E988250E72FE6F6D8FDB94 /* Pods_digio.framework */; };
		87C302D3C484046FA3C44E0D /* Pods_digio_digioUITests.framework in Frameworks */ = {isa = PBXBuildFile; fileRef = BBA695F3369F905E38CC20E2 /* Pods_digio_digioUITests.framework */; };
/* End PBXBuildFile section */

/* Begin PBXContainerItemProxy section */
		1472E1592C77D3D9009CA7C3 /* PBXContainerItemProxy */ = {
			isa = PBXContainerItemProxy;
			containerPortal = 1472E13A2C77D3D8009CA7C3 /* Project object */;
			proxyType = 1;
			remoteGlobalIDString = 1472E1412C77D3D8009CA7C3;
			remoteInfo = digio;
		};
		1472E1632C77D3D9009CA7C3 /* PBXContainerItemProxy */ = {
			isa = PBXContainerItemProxy;
			containerPortal = 1472E13A2C77D3D8009CA7C3 /* Project object */;
			proxyType = 1;
			remoteGlobalIDString = 1472E1412C77D3D8009CA7C3;
			remoteInfo = digio;
		};
/* End PBXContainerItemProxy section */

/* Begin PBXFileReference section */
		02E988250E72FE6F6D8FDB94 /* Pods_digio.framework */ = {isa = PBXFileReference; explicitFileType = wrapper.framework; includeInIndex = 0; path = Pods_digio.framework; sourceTree = BUILT_PRODUCTS_DIR; };
		14533D302C77E6590095F4E5 /* HttpGetClientIProtocol.swift */ = {isa = PBXFileReference; lastKnownFileType = sourcecode.swift; path = HttpGetClientIProtocol.swift; sourceTree = "<group>"; };
		14533D322C77E6870095F4E5 /* NetworkError.swift */ = {isa = PBXFileReference; lastKnownFileType = sourcecode.swift; path = NetworkError.swift; sourceTree = "<group>"; };
		14533D342C77EB740095F4E5 /* URLSessionAdapter.swift */ = {isa = PBXFileReference; lastKnownFileType = sourcecode.swift; path = URLSessionAdapter.swift; sourceTree = "<group>"; };
		14533D382C7800310095F4E5 /* ProductRepositoryProtocol.swift */ = {isa = PBXFileReference; lastKnownFileType = sourcecode.swift; path = ProductRepositoryProtocol.swift; sourceTree = "<group>"; };
		14533D3A2C7800650095F4E5 /* RemoteProductRepository.swift */ = {isa = PBXFileReference; lastKnownFileType = sourcecode.swift; path = RemoteProductRepository.swift; sourceTree = "<group>"; };
		14533D3E2C78026F0095F4E5 /* SpotlightItem.swift */ = {isa = PBXFileReference; lastKnownFileType = sourcecode.swift; path = SpotlightItem.swift; sourceTree = "<group>"; };
		14533D402C78029F0095F4E5 /* Product.swift */ = {isa = PBXFileReference; lastKnownFileType = sourcecode.swift; path = Product.swift; sourceTree = "<group>"; };
		14533D422C7802A90095F4E5 /* CashInfo.swift */ = {isa = PBXFileReference; lastKnownFileType = sourcecode.swift; path = CashInfo.swift; sourceTree = "<group>"; };
		14533D442C7802AF0095F4E5 /* ProductResponse.swift */ = {isa = PBXFileReference; lastKnownFileType = sourcecode.swift; path = ProductResponse.swift; sourceTree = "<group>"; };
		1472E1422C77D3D8009CA7C3 /* digio.app */ = {isa = PBXFileReference; explicitFileType = wrapper.application; includeInIndex = 0; path = digio.app; sourceTree = BUILT_PRODUCTS_DIR; };
		1472E1452C77D3D8009CA7C3 /* AppDelegate.swift */ = {isa = PBXFileReference; lastKnownFileType = sourcecode.swift; path = AppDelegate.swift; sourceTree = "<group>"; };
		1472E1472C77D3D8009CA7C3 /* SceneDelegate.swift */ = {isa = PBXFileReference; lastKnownFileType = sourcecode.swift; path = SceneDelegate.swift; sourceTree = "<group>"; };
		1472E1492C77D3D8009CA7C3 /* ViewController.swift */ = {isa = PBXFileReference; lastKnownFileType = sourcecode.swift; path = ViewController.swift; sourceTree = "<group>"; };
		1472E14C2C77D3D8009CA7C3 /* Base */ = {isa = PBXFileReference; lastKnownFileType = file.storyboard; name = Base; path = Base.lproj/Main.storyboard; sourceTree = "<group>"; };
		1472E14E2C77D3D9009CA7C3 /* Assets.xcassets */ = {isa = PBXFileReference; lastKnownFileType = folder.assetcatalog; path = Assets.xcassets; sourceTree = "<group>"; };
		1472E1512C77D3D9009CA7C3 /* Base */ = {isa = PBXFileReference; lastKnownFileType = file.storyboard; name = Base; path = Base.lproj/LaunchScreen.storyboard; sourceTree = "<group>"; };
		1472E1532C77D3D9009CA7C3 /* Info.plist */ = {isa = PBXFileReference; lastKnownFileType = text.plist.xml; path = Info.plist; sourceTree = "<group>"; };
		1472E1582C77D3D9009CA7C3 /* digioTests.xctest */ = {isa = PBXFileReference; explicitFileType = wrapper.cfbundle; includeInIndex = 0; path = digioTests.xctest; sourceTree = BUILT_PRODUCTS_DIR; };
		1472E15C2C77D3D9009CA7C3 /* digioTests.swift */ = {isa = PBXFileReference; lastKnownFileType = sourcecode.swift; path = digioTests.swift; sourceTree = "<group>"; };
		1472E1622C77D3D9009CA7C3 /* digioUITests.xctest */ = {isa = PBXFileReference; explicitFileType = wrapper.cfbundle; includeInIndex = 0; path = digioUITests.xctest; sourceTree = BUILT_PRODUCTS_DIR; };
		1472E1662C77D3D9009CA7C3 /* digioUITests.swift */ = {isa = PBXFileReference; lastKnownFileType = sourcecode.swift; path = digioUITests.swift; sourceTree = "<group>"; };
		1472E1682C77D3D9009CA7C3 /* digioUITestsLaunchTests.swift */ = {isa = PBXFileReference; lastKnownFileType = sourcecode.swift; path = digioUITestsLaunchTests.swift; sourceTree = "<group>"; };
		1B59AD66CB21A63C7BC0C926 /* Pods-digio-digioUITests.release.xcconfig */ = {isa = PBXFileReference; includeInIndex = 1; lastKnownFileType = text.xcconfig; name = "Pods-digio-digioUITests.release.xcconfig"; path = "Target Support Files/Pods-digio-digioUITests/Pods-digio-digioUITests.release.xcconfig"; sourceTree = "<group>"; };
		3125327B8F563F623392137E /* Pods-digio-digioUITests.debug.xcconfig */ = {isa = PBXFileReference; includeInIndex = 1; lastKnownFileType = text.xcconfig; name = "Pods-digio-digioUITests.debug.xcconfig"; path = "Target Support Files/Pods-digio-digioUITests/Pods-digio-digioUITests.debug.xcconfig"; sourceTree = "<group>"; };
		722B1092979C4EC123C4F9A1 /* Pods-digio.debug.xcconfig */ = {isa = PBXFileReference; includeInIndex = 1; lastKnownFileType = text.xcconfig; name = "Pods-digio.debug.xcconfig"; path = "Target Support Files/Pods-digio/Pods-digio.debug.xcconfig"; sourceTree = "<group>"; };
		7ABB333B98F318B41DC8201D /* Pods_digioTests.framework */ = {isa = PBXFileReference; explicitFileType = wrapper.framework; includeInIndex = 0; path = Pods_digioTests.framework; sourceTree = BUILT_PRODUCTS_DIR; };
		AE62CE828DD361F4C2C27E58 /* Pods-digioTests.debug.xcconfig */ = {isa = PBXFileReference; includeInIndex = 1; lastKnownFileType = text.xcconfig; name = "Pods-digioTests.debug.xcconfig"; path = "Target Support Files/Pods-digioTests/Pods-digioTests.debug.xcconfig"; sourceTree = "<group>"; };
		B09BF6EE496F66340EE673D2 /* Pods-digioTests.release.xcconfig */ = {isa = PBXFileReference; includeInIndex = 1; lastKnownFileType = text.xcconfig; name = "Pods-digioTests.release.xcconfig"; path = "Target Support Files/Pods-digioTests/Pods-digioTests.release.xcconfig"; sourceTree = "<group>"; };
		BBA695F3369F905E38CC20E2 /* Pods_digio_digioUITests.framework */ = {isa = PBXFileReference; explicitFileType = wrapper.framework; includeInIndex = 0; path = Pods_digio_digioUITests.framework; sourceTree = BUILT_PRODUCTS_DIR; };
		EB1D5A7F780A45395F4AED3F /* Pods-digio.release.xcconfig */ = {isa = PBXFileReference; includeInIndex = 1; lastKnownFileType = text.xcconfig; name = "Pods-digio.release.xcconfig"; path = "Target Support Files/Pods-digio/Pods-digio.release.xcconfig"; sourceTree = "<group>"; };
/* End PBXFileReference section */

/* Begin PBXFrameworksBuildPhase section */
		1472E13F2C77D3D8009CA7C3 /* Frameworks */ = {
			isa = PBXFrameworksBuildPhase;
			buildActionMask = 2147483647;
			files = (
				84F38F23B4FF8EBE8726B682 /* Pods_digio.framework in Frameworks */,
			);
			runOnlyForDeploymentPostprocessing = 0;
		};
		1472E1552C77D3D9009CA7C3 /* Frameworks */ = {
			isa = PBXFrameworksBuildPhase;
			buildActionMask = 2147483647;
			files = (
				414E478EE2E1CB3CE5BAF1E5 /* Pods_digioTests.framework in Frameworks */,
			);
			runOnlyForDeploymentPostprocessing = 0;
		};
		1472E15F2C77D3D9009CA7C3 /* Frameworks */ = {
			isa = PBXFrameworksBuildPhase;
			buildActionMask = 2147483647;
			files = (
				87C302D3C484046FA3C44E0D /* Pods_digio_digioUITests.framework in Frameworks */,
			);
			runOnlyForDeploymentPostprocessing = 0;
		};
/* End PBXFrameworksBuildPhase section */

/* Begin PBXGroup section */
		14533D2F2C77E63C0095F4E5 /* Infra */ = {
			isa = PBXGroup;
			children = (
				14533D302C77E6590095F4E5 /* HttpGetClientIProtocol.swift */,
				14533D322C77E6870095F4E5 /* NetworkError.swift */,
				14533D342C77EB740095F4E5 /* URLSessionAdapter.swift */,
			);
			path = Infra;
			sourceTree = "<group>";
		};
		14533D372C7800250095F4E5 /* Data */ = {
			isa = PBXGroup;
			children = (
				14533D3D2C78025F0095F4E5 /* Models */,
				14533D3C2C78024B0095F4E5 /* Repositories */,
			);
			path = Data;
			sourceTree = "<group>";
		};
		14533D3C2C78024B0095F4E5 /* Repositories */ = {
			isa = PBXGroup;
			children = (
				14533D3A2C7800650095F4E5 /* RemoteProductRepository.swift */,
				14533D382C7800310095F4E5 /* ProductRepositoryProtocol.swift */,
			);
			path = Repositories;
			sourceTree = "<group>";
		};
		14533D3D2C78025F0095F4E5 /* Models */ = {
			isa = PBXGroup;
			children = (
				14533D3E2C78026F0095F4E5 /* SpotlightItem.swift */,
				14533D402C78029F0095F4E5 /* Product.swift */,
				14533D422C7802A90095F4E5 /* CashInfo.swift */,
				14533D442C7802AF0095F4E5 /* ProductResponse.swift */,
			);
			path = Models;
			sourceTree = "<group>";
		};
		1472E1392C77D3D8009CA7C3 = {
			isa = PBXGroup;
			children = (
				1472E1442C77D3D8009CA7C3 /* digio */,
				1472E15B2C77D3D9009CA7C3 /* digioTests */,
				1472E1652C77D3D9009CA7C3 /* digioUITests */,
				1472E1432C77D3D8009CA7C3 /* Products */,
				696ACBF58521AC89F2512768 /* Pods */,
				6403AD80F65F74DF9D7941AF /* Frameworks */,
			);
			sourceTree = "<group>";
		};
		1472E1432C77D3D8009CA7C3 /* Products */ = {
			isa = PBXGroup;
			children = (
				1472E1422C77D3D8009CA7C3 /* digio.app */,
				1472E1582C77D3D9009CA7C3 /* digioTests.xctest */,
				1472E1622C77D3D9009CA7C3 /* digioUITests.xctest */,
			);
			name = Products;
			sourceTree = "<group>";
		};
		1472E1442C77D3D8009CA7C3 /* digio */ = {
			isa = PBXGroup;
			children = (
				14533D372C7800250095F4E5 /* Data */,
				14533D2F2C77E63C0095F4E5 /* Infra */,
				1472E1452C77D3D8009CA7C3 /* AppDelegate.swift */,
				1472E1472C77D3D8009CA7C3 /* SceneDelegate.swift */,
				1472E1492C77D3D8009CA7C3 /* ViewController.swift */,
				1472E14B2C77D3D8009CA7C3 /* Main.storyboard */,
				1472E14E2C77D3D9009CA7C3 /* Assets.xcassets */,
				1472E1502C77D3D9009CA7C3 /* LaunchScreen.storyboard */,
				1472E1532C77D3D9009CA7C3 /* Info.plist */,
			);
			path = digio;
			sourceTree = "<group>";
		};
		1472E15B2C77D3D9009CA7C3 /* digioTests */ = {
			isa = PBXGroup;
			children = (
				1472E15C2C77D3D9009CA7C3 /* digioTests.swift */,
			);
			path = digioTests;
			sourceTree = "<group>";
		};
		1472E1652C77D3D9009CA7C3 /* digioUITests */ = {
			isa = PBXGroup;
			children = (
				1472E1662C77D3D9009CA7C3 /* digioUITests.swift */,
				1472E1682C77D3D9009CA7C3 /* digioUITestsLaunchTests.swift */,
			);
			path = digioUITests;
			sourceTree = "<group>";
		};
		6403AD80F65F74DF9D7941AF /* Frameworks */ = {
			isa = PBXGroup;
			children = (
				02E988250E72FE6F6D8FDB94 /* Pods_digio.framework */,
				BBA695F3369F905E38CC20E2 /* Pods_digio_digioUITests.framework */,
				7ABB333B98F318B41DC8201D /* Pods_digioTests.framework */,
			);
			name = Frameworks;
			sourceTree = "<group>";
		};
		696ACBF58521AC89F2512768 /* Pods */ = {
			isa = PBXGroup;
			children = (
				722B1092979C4EC123C4F9A1 /* Pods-digio.debug.xcconfig */,
				EB1D5A7F780A45395F4AED3F /* Pods-digio.release.xcconfig */,
				3125327B8F563F623392137E /* Pods-digio-digioUITests.debug.xcconfig */,
				1B59AD66CB21A63C7BC0C926 /* Pods-digio-digioUITests.release.xcconfig */,
				AE62CE828DD361F4C2C27E58 /* Pods-digioTests.debug.xcconfig */,
				B09BF6EE496F66340EE673D2 /* Pods-digioTests.release.xcconfig */,
			);
			path = Pods;
			sourceTree = "<group>";
		};
/* End PBXGroup section */

/* Begin PBXNativeTarget section */
		1472E1412C77D3D8009CA7C3 /* digio */ = {
			isa = PBXNativeTarget;
			buildConfigurationList = 1472E16C2C77D3D9009CA7C3 /* Build configuration list for PBXNativeTarget "digio" */;
			buildPhases = (
				A436197977192406D095B36A /* [CP] Check Pods Manifest.lock */,
				1472E13E2C77D3D8009CA7C3 /* Sources */,
				1472E1782C77D4E4009CA7C3 /* SwiftLint */,
				1472E13F2C77D3D8009CA7C3 /* Frameworks */,
				1472E1402C77D3D8009CA7C3 /* Resources */,
			);
			buildRules = (
			);
			dependencies = (
			);
			name = digio;
			productName = digio;
			productReference = 1472E1422C77D3D8009CA7C3 /* digio.app */;
			productType = "com.apple.product-type.application";
		};
		1472E1572C77D3D9009CA7C3 /* digioTests */ = {
			isa = PBXNativeTarget;
			buildConfigurationList = 1472E16F2C77D3D9009CA7C3 /* Build configuration list for PBXNativeTarget "digioTests" */;
			buildPhases = (
				DBDF8B22350C81FB8AF60D18 /* [CP] Check Pods Manifest.lock */,
				1472E1542C77D3D9009CA7C3 /* Sources */,
				1472E1552C77D3D9009CA7C3 /* Frameworks */,
				1472E1562C77D3D9009CA7C3 /* Resources */,
			);
			buildRules = (
			);
			dependencies = (
				1472E15A2C77D3D9009CA7C3 /* PBXTargetDependency */,
			);
			name = digioTests;
			productName = digioTests;
			productReference = 1472E1582C77D3D9009CA7C3 /* digioTests.xctest */;
			productType = "com.apple.product-type.bundle.unit-test";
		};
		1472E1612C77D3D9009CA7C3 /* digioUITests */ = {
			isa = PBXNativeTarget;
			buildConfigurationList = 1472E1722C77D3D9009CA7C3 /* Build configuration list for PBXNativeTarget "digioUITests" */;
			buildPhases = (
				15C4271EDB5FC0F0AD88AC67 /* [CP] Check Pods Manifest.lock */,
				1472E15E2C77D3D9009CA7C3 /* Sources */,
				1472E15F2C77D3D9009CA7C3 /* Frameworks */,
				1472E1602C77D3D9009CA7C3 /* Resources */,
			);
			buildRules = (
			);
			dependencies = (
				1472E1642C77D3D9009CA7C3 /* PBXTargetDependency */,
			);
			name = digioUITests;
			productName = digioUITests;
			productReference = 1472E1622C77D3D9009CA7C3 /* digioUITests.xctest */;
			productType = "com.apple.product-type.bundle.ui-testing";
		};
/* End PBXNativeTarget section */

/* Begin PBXProject section */
		1472E13A2C77D3D8009CA7C3 /* Project object */ = {
			isa = PBXProject;
			attributes = {
				BuildIndependentTargetsInParallel = 1;
				LastSwiftUpdateCheck = 1540;
				LastUpgradeCheck = 1540;
				TargetAttributes = {
					1472E1412C77D3D8009CA7C3 = {
						CreatedOnToolsVersion = 15.4;
					};
					1472E1572C77D3D9009CA7C3 = {
						CreatedOnToolsVersion = 15.4;
						TestTargetID = 1472E1412C77D3D8009CA7C3;
					};
					1472E1612C77D3D9009CA7C3 = {
						CreatedOnToolsVersion = 15.4;
						TestTargetID = 1472E1412C77D3D8009CA7C3;
					};
				};
			};
			buildConfigurationList = 1472E13D2C77D3D8009CA7C3 /* Build configuration list for PBXProject "digio" */;
			compatibilityVersion = "Xcode 14.0";
			developmentRegion = en;
			hasScannedForEncodings = 0;
			knownRegions = (
				en,
				Base,
			);
			mainGroup = 1472E1392C77D3D8009CA7C3;
			productRefGroup = 1472E1432C77D3D8009CA7C3 /* Products */;
			projectDirPath = "";
			projectRoot = "";
			targets = (
				1472E1412C77D3D8009CA7C3 /* digio */,
				1472E1572C77D3D9009CA7C3 /* digioTests */,
				1472E1612C77D3D9009CA7C3 /* digioUITests */,
			);
		};
/* End PBXProject section */

/* Begin PBXResourcesBuildPhase section */
		1472E1402C77D3D8009CA7C3 /* Resources */ = {
			isa = PBXResourcesBuildPhase;
			buildActionMask = 2147483647;
			files = (
				1472E14F2C77D3D9009CA7C3 /* Assets.xcassets in Resources */,
				1472E1522C77D3D9009CA7C3 /* Base in Resources */,
				1472E14D2C77D3D8009CA7C3 /* Base in Resources */,
			);
			runOnlyForDeploymentPostprocessing = 0;
		};
		1472E1562C77D3D9009CA7C3 /* Resources */ = {
			isa = PBXResourcesBuildPhase;
			buildActionMask = 2147483647;
			files = (
			);
			runOnlyForDeploymentPostprocessing = 0;
		};
		1472E1602C77D3D9009CA7C3 /* Resources */ = {
			isa = PBXResourcesBuildPhase;
			buildActionMask = 2147483647;
			files = (
			);
			runOnlyForDeploymentPostprocessing = 0;
		};
/* End PBXResourcesBuildPhase section */

/* Begin PBXShellScriptBuildPhase section */
		1472E1782C77D4E4009CA7C3 /* SwiftLint */ = {
			isa = PBXShellScriptBuildPhase;
			buildActionMask = 2147483647;
			files = (
			);
			inputFileListPaths = (
			);
			inputPaths = (
			);
			name = SwiftLint;
			outputFileListPaths = (
			);
			outputPaths = (
			);
			runOnlyForDeploymentPostprocessing = 0;
			shellPath = /bin/sh;
			shellScript = "if which swiftlint >/dev/null; then\n  swiftlint\nelse\n  echo \"warning: SwiftLint not installed, download from https://github.com/realm/SwiftLint\"\nfi\n";
		};
		15C4271EDB5FC0F0AD88AC67 /* [CP] Check Pods Manifest.lock */ = {
			isa = PBXShellScriptBuildPhase;
			buildActionMask = 2147483647;
			files = (
			);
			inputFileListPaths = (
			);
			inputPaths = (
				"${PODS_PODFILE_DIR_PATH}/Podfile.lock",
				"${PODS_ROOT}/Manifest.lock",
			);
			name = "[CP] Check Pods Manifest.lock";
			outputFileListPaths = (
			);
			outputPaths = (
				"$(DERIVED_FILE_DIR)/Pods-digio-digioUITests-checkManifestLockResult.txt",
			);
			runOnlyForDeploymentPostprocessing = 0;
			shellPath = /bin/sh;
			shellScript = "diff \"${PODS_PODFILE_DIR_PATH}/Podfile.lock\" \"${PODS_ROOT}/Manifest.lock\" > /dev/null\nif [ $? != 0 ] ; then\n    # print error to STDERR\n    echo \"error: The sandbox is not in sync with the Podfile.lock. Run 'pod install' or update your CocoaPods installation.\" >&2\n    exit 1\nfi\n# This output is used by Xcode 'outputs' to avoid re-running this script phase.\necho \"SUCCESS\" > \"${SCRIPT_OUTPUT_FILE_0}\"\n";
			showEnvVarsInLog = 0;
		};
		A436197977192406D095B36A /* [CP] Check Pods Manifest.lock */ = {
			isa = PBXShellScriptBuildPhase;
			buildActionMask = 2147483647;
			files = (
			);
			inputFileListPaths = (
			);
			inputPaths = (
				"${PODS_PODFILE_DIR_PATH}/Podfile.lock",
				"${PODS_ROOT}/Manifest.lock",
			);
			name = "[CP] Check Pods Manifest.lock";
			outputFileListPaths = (
			);
			outputPaths = (
				"$(DERIVED_FILE_DIR)/Pods-digio-checkManifestLockResult.txt",
			);
			runOnlyForDeploymentPostprocessing = 0;
			shellPath = /bin/sh;
			shellScript = "diff \"${PODS_PODFILE_DIR_PATH}/Podfile.lock\" \"${PODS_ROOT}/Manifest.lock\" > /dev/null\nif [ $? != 0 ] ; then\n    # print error to STDERR\n    echo \"error: The sandbox is not in sync with the Podfile.lock. Run 'pod install' or update your CocoaPods installation.\" >&2\n    exit 1\nfi\n# This output is used by Xcode 'outputs' to avoid re-running this script phase.\necho \"SUCCESS\" > \"${SCRIPT_OUTPUT_FILE_0}\"\n";
			showEnvVarsInLog = 0;
		};
		DBDF8B22350C81FB8AF60D18 /* [CP] Check Pods Manifest.lock */ = {
			isa = PBXShellScriptBuildPhase;
			buildActionMask = 2147483647;
			files = (
			);
			inputFileListPaths = (
			);
			inputPaths = (
				"${PODS_PODFILE_DIR_PATH}/Podfile.lock",
				"${PODS_ROOT}/Manifest.lock",
			);
			name = "[CP] Check Pods Manifest.lock";
			outputFileListPaths = (
			);
			outputPaths = (
				"$(DERIVED_FILE_DIR)/Pods-digioTests-checkManifestLockResult.txt",
			);
			runOnlyForDeploymentPostprocessing = 0;
			shellPath = /bin/sh;
			shellScript = "diff \"${PODS_PODFILE_DIR_PATH}/Podfile.lock\" \"${PODS_ROOT}/Manifest.lock\" > /dev/null\nif [ $? != 0 ] ; then\n    # print error to STDERR\n    echo \"error: The sandbox is not in sync with the Podfile.lock. Run 'pod install' or update your CocoaPods installation.\" >&2\n    exit 1\nfi\n# This output is used by Xcode 'outputs' to avoid re-running this script phase.\necho \"SUCCESS\" > \"${SCRIPT_OUTPUT_FILE_0}\"\n";
			showEnvVarsInLog = 0;
		};
/* End PBXShellScriptBuildPhase section */

/* Begin PBXSourcesBuildPhase section */
		1472E13E2C77D3D8009CA7C3 /* Sources */ = {
			isa = PBXSourcesBuildPhase;
			buildActionMask = 2147483647;
			files = (
				14533D452C7802AF0095F4E5 /* ProductResponse.swift in Sources */,
				14533D352C77EB740095F4E5 /* URLSessionAdapter.swift in Sources */,
				1472E14A2C77D3D8009CA7C3 /* ViewController.swift in Sources */,
				14533D3F2C78026F0095F4E5 /* SpotlightItem.swift in Sources */,
				14533D312C77E6590095F4E5 /* HttpGetClientIProtocol.swift in Sources */,
				1472E1462C77D3D8009CA7C3 /* AppDelegate.swift in Sources */,
				1472E1482C77D3D8009CA7C3 /* SceneDelegate.swift in Sources */,
				14533D432C7802A90095F4E5 /* CashInfo.swift in Sources */,
				14533D3B2C7800650095F4E5 /* RemoteProductRepository.swift in Sources */,
				14533D412C78029F0095F4E5 /* Product.swift in Sources */,
				14533D392C7800310095F4E5 /* ProductRepositoryProtocol.swift in Sources */,
				14533D332C77E6870095F4E5 /* NetworkError.swift in Sources */,
			);
			runOnlyForDeploymentPostprocessing = 0;
		};
		1472E1542C77D3D9009CA7C3 /* Sources */ = {
			isa = PBXSourcesBuildPhase;
			buildActionMask = 2147483647;
			files = (
				1472E15D2C77D3D9009CA7C3 /* digioTests.swift in Sources */,
			);
			runOnlyForDeploymentPostprocessing = 0;
		};
		1472E15E2C77D3D9009CA7C3 /* Sources */ = {
			isa = PBXSourcesBuildPhase;
			buildActionMask = 2147483647;
			files = (
				1472E1672C77D3D9009CA7C3 /* digioUITests.swift in Sources */,
				1472E1692C77D3D9009CA7C3 /* digioUITestsLaunchTests.swift in Sources */,
			);
			runOnlyForDeploymentPostprocessing = 0;
		};
/* End PBXSourcesBuildPhase section */

/* Begin PBXTargetDependency section */
		1472E15A2C77D3D9009CA7C3 /* PBXTargetDependency */ = {
			isa = PBXTargetDependency;
			target = 1472E1412C77D3D8009CA7C3 /* digio */;
			targetProxy = 1472E1592C77D3D9009CA7C3 /* PBXContainerItemProxy */;
		};
		1472E1642C77D3D9009CA7C3 /* PBXTargetDependency */ = {
			isa = PBXTargetDependency;
			target = 1472E1412C77D3D8009CA7C3 /* digio */;
			targetProxy = 1472E1632C77D3D9009CA7C3 /* PBXContainerItemProxy */;
		};
/* End PBXTargetDependency section */

/* Begin PBXVariantGroup section */
		1472E14B2C77D3D8009CA7C3 /* Main.storyboard */ = {
			isa = PBXVariantGroup;
			children = (
				1472E14C2C77D3D8009CA7C3 /* Base */,
			);
			name = Main.storyboard;
			sourceTree = "<group>";
		};
		1472E1502C77D3D9009CA7C3 /* LaunchScreen.storyboard */ = {
			isa = PBXVariantGroup;
			children = (
				1472E1512C77D3D9009CA7C3 /* Base */,
			);
			name = LaunchScreen.storyboard;
			sourceTree = "<group>";
		};
/* End PBXVariantGroup section */

/* Begin XCBuildConfiguration section */
		1472E16A2C77D3D9009CA7C3 /* Debug */ = {
			isa = XCBuildConfiguration;
			buildSettings = {
				ALWAYS_SEARCH_USER_PATHS = NO;
				ASSETCATALOG_COMPILER_GENERATE_SWIFT_ASSET_SYMBOL_EXTENSIONS = YES;
				CLANG_ANALYZER_NONNULL = YES;
				CLANG_ANALYZER_NUMBER_OBJECT_CONVERSION = YES_AGGRESSIVE;
				CLANG_CXX_LANGUAGE_STANDARD = "gnu++20";
				CLANG_ENABLE_MODULES = YES;
				CLANG_ENABLE_OBJC_ARC = YES;
				CLANG_ENABLE_OBJC_WEAK = YES;
				CLANG_WARN_BLOCK_CAPTURE_AUTORELEASING = YES;
				CLANG_WARN_BOOL_CONVERSION = YES;
				CLANG_WARN_COMMA = YES;
				CLANG_WARN_CONSTANT_CONVERSION = YES;
				CLANG_WARN_DEPRECATED_OBJC_IMPLEMENTATIONS = YES;
				CLANG_WARN_DIRECT_OBJC_ISA_USAGE = YES_ERROR;
				CLANG_WARN_DOCUMENTATION_COMMENTS = YES;
				CLANG_WARN_EMPTY_BODY = YES;
				CLANG_WARN_ENUM_CONVERSION = YES;
				CLANG_WARN_INFINITE_RECURSION = YES;
				CLANG_WARN_INT_CONVERSION = YES;
				CLANG_WARN_NON_LITERAL_NULL_CONVERSION = YES;
				CLANG_WARN_OBJC_IMPLICIT_RETAIN_SELF = YES;
				CLANG_WARN_OBJC_LITERAL_CONVERSION = YES;
				CLANG_WARN_OBJC_ROOT_CLASS = YES_ERROR;
				CLANG_WARN_QUOTED_INCLUDE_IN_FRAMEWORK_HEADER = YES;
				CLANG_WARN_RANGE_LOOP_ANALYSIS = YES;
				CLANG_WARN_STRICT_PROTOTYPES = YES;
				CLANG_WARN_SUSPICIOUS_MOVE = YES;
				CLANG_WARN_UNGUARDED_AVAILABILITY = YES_AGGRESSIVE;
				CLANG_WARN_UNREACHABLE_CODE = YES;
				CLANG_WARN__DUPLICATE_METHOD_MATCH = YES;
				COPY_PHASE_STRIP = NO;
				DEBUG_INFORMATION_FORMAT = dwarf;
				ENABLE_STRICT_OBJC_MSGSEND = YES;
				ENABLE_TESTABILITY = YES;
				ENABLE_USER_SCRIPT_SANDBOXING = YES;
				GCC_C_LANGUAGE_STANDARD = gnu17;
				GCC_DYNAMIC_NO_PIC = NO;
				GCC_NO_COMMON_BLOCKS = YES;
				GCC_OPTIMIZATION_LEVEL = 0;
				GCC_PREPROCESSOR_DEFINITIONS = (
					"DEBUG=1",
					"$(inherited)",
				);
				GCC_WARN_64_TO_32_BIT_CONVERSION = YES;
				GCC_WARN_ABOUT_RETURN_TYPE = YES_ERROR;
				GCC_WARN_UNDECLARED_SELECTOR = YES;
				GCC_WARN_UNINITIALIZED_AUTOS = YES_AGGRESSIVE;
				GCC_WARN_UNUSED_FUNCTION = YES;
				GCC_WARN_UNUSED_VARIABLE = YES;
				IPHONEOS_DEPLOYMENT_TARGET = 17.5;
				LOCALIZATION_PREFERS_STRING_CATALOGS = YES;
				MTL_ENABLE_DEBUG_INFO = INCLUDE_SOURCE;
				MTL_FAST_MATH = YES;
				ONLY_ACTIVE_ARCH = YES;
				SDKROOT = iphoneos;
				SWIFT_ACTIVE_COMPILATION_CONDITIONS = "DEBUG $(inherited)";
				SWIFT_OPTIMIZATION_LEVEL = "-Onone";
			};
			name = Debug;
		};
		1472E16B2C77D3D9009CA7C3 /* Release */ = {
			isa = XCBuildConfiguration;
			buildSettings = {
				ALWAYS_SEARCH_USER_PATHS = NO;
				ASSETCATALOG_COMPILER_GENERATE_SWIFT_ASSET_SYMBOL_EXTENSIONS = YES;
				CLANG_ANALYZER_NONNULL = YES;
				CLANG_ANALYZER_NUMBER_OBJECT_CONVERSION = YES_AGGRESSIVE;
				CLANG_CXX_LANGUAGE_STANDARD = "gnu++20";
				CLANG_ENABLE_MODULES = YES;
				CLANG_ENABLE_OBJC_ARC = YES;
				CLANG_ENABLE_OBJC_WEAK = YES;
				CLANG_WARN_BLOCK_CAPTURE_AUTORELEASING = YES;
				CLANG_WARN_BOOL_CONVERSION = YES;
				CLANG_WARN_COMMA = YES;
				CLANG_WARN_CONSTANT_CONVERSION = YES;
				CLANG_WARN_DEPRECATED_OBJC_IMPLEMENTATIONS = YES;
				CLANG_WARN_DIRECT_OBJC_ISA_USAGE = YES_ERROR;
				CLANG_WARN_DOCUMENTATION_COMMENTS = YES;
				CLANG_WARN_EMPTY_BODY = YES;
				CLANG_WARN_ENUM_CONVERSION = YES;
				CLANG_WARN_INFINITE_RECURSION = YES;
				CLANG_WARN_INT_CONVERSION = YES;
				CLANG_WARN_NON_LITERAL_NULL_CONVERSION = YES;
				CLANG_WARN_OBJC_IMPLICIT_RETAIN_SELF = YES;
				CLANG_WARN_OBJC_LITERAL_CONVERSION = YES;
				CLANG_WARN_OBJC_ROOT_CLASS = YES_ERROR;
				CLANG_WARN_QUOTED_INCLUDE_IN_FRAMEWORK_HEADER = YES;
				CLANG_WARN_RANGE_LOOP_ANALYSIS = YES;
				CLANG_WARN_STRICT_PROTOTYPES = YES;
				CLANG_WARN_SUSPICIOUS_MOVE = YES;
				CLANG_WARN_UNGUARDED_AVAILABILITY = YES_AGGRESSIVE;
				CLANG_WARN_UNREACHABLE_CODE = YES;
				CLANG_WARN__DUPLICATE_METHOD_MATCH = YES;
				COPY_PHASE_STRIP = NO;
				DEBUG_INFORMATION_FORMAT = "dwarf-with-dsym";
				ENABLE_NS_ASSERTIONS = NO;
				ENABLE_STRICT_OBJC_MSGSEND = YES;
				ENABLE_USER_SCRIPT_SANDBOXING = YES;
				GCC_C_LANGUAGE_STANDARD = gnu17;
				GCC_NO_COMMON_BLOCKS = YES;
				GCC_WARN_64_TO_32_BIT_CONVERSION = YES;
				GCC_WARN_ABOUT_RETURN_TYPE = YES_ERROR;
				GCC_WARN_UNDECLARED_SELECTOR = YES;
				GCC_WARN_UNINITIALIZED_AUTOS = YES_AGGRESSIVE;
				GCC_WARN_UNUSED_FUNCTION = YES;
				GCC_WARN_UNUSED_VARIABLE = YES;
				IPHONEOS_DEPLOYMENT_TARGET = 17.5;
				LOCALIZATION_PREFERS_STRING_CATALOGS = YES;
				MTL_ENABLE_DEBUG_INFO = NO;
				MTL_FAST_MATH = YES;
				SDKROOT = iphoneos;
				SWIFT_COMPILATION_MODE = wholemodule;
				VALIDATE_PRODUCT = YES;
			};
			name = Release;
		};
		1472E16D2C77D3D9009CA7C3 /* Debug */ = {
			isa = XCBuildConfiguration;
			baseConfigurationReference = 722B1092979C4EC123C4F9A1 /* Pods-digio.debug.xcconfig */;
			buildSettings = {
				ASSETCATALOG_COMPILER_APPICON_NAME = AppIcon;
				ASSETCATALOG_COMPILER_GLOBAL_ACCENT_COLOR_NAME = AccentColor;
				CODE_SIGN_STYLE = Automatic;
				CURRENT_PROJECT_VERSION = 1;
				DEVELOPMENT_TEAM = WDD8N4CRD3;
				GENERATE_INFOPLIST_FILE = YES;
				INFOPLIST_FILE = digio/Info.plist;
				INFOPLIST_KEY_UIApplicationSupportsIndirectInputEvents = YES;
				INFOPLIST_KEY_UILaunchStoryboardName = LaunchScreen;
				INFOPLIST_KEY_UIMainStoryboardFile = Main;
				INFOPLIST_KEY_UISupportedInterfaceOrientations = UIInterfaceOrientationPortrait;
				INFOPLIST_KEY_UISupportedInterfaceOrientations_iPad = "UIInterfaceOrientationLandscapeLeft UIInterfaceOrientationLandscapeRight UIInterfaceOrientationPortrait UIInterfaceOrientationPortraitUpsideDown";
				IPHONEOS_DEPLOYMENT_TARGET = 12.0;
				LD_RUNPATH_SEARCH_PATHS = (
					"$(inherited)",
					"@executable_path/Frameworks",
				);
				MARKETING_VERSION = 1.0;
				PRODUCT_BUNDLE_IDENTIFIER = br.com.ianfagundes.digio;
				PRODUCT_NAME = "$(TARGET_NAME)";
				SUPPORTED_PLATFORMS = "iphoneos iphonesimulator";
				SUPPORTS_MACCATALYST = NO;
				SUPPORTS_MAC_DESIGNED_FOR_IPHONE_IPAD = NO;
				SUPPORTS_XR_DESIGNED_FOR_IPHONE_IPAD = NO;
				SWIFT_EMIT_LOC_STRINGS = YES;
				SWIFT_VERSION = 4.2;
				TARGETED_DEVICE_FAMILY = 1;
			};
			name = Debug;
		};
		1472E16E2C77D3D9009CA7C3 /* Release */ = {
			isa = XCBuildConfiguration;
			baseConfigurationReference = EB1D5A7F780A45395F4AED3F /* Pods-digio.release.xcconfig */;
			buildSettings = {
				ASSETCATALOG_COMPILER_APPICON_NAME = AppIcon;
				ASSETCATALOG_COMPILER_GLOBAL_ACCENT_COLOR_NAME = AccentColor;
				CODE_SIGN_STYLE = Automatic;
				CURRENT_PROJECT_VERSION = 1;
				DEVELOPMENT_TEAM = WDD8N4CRD3;
				GENERATE_INFOPLIST_FILE = YES;
				INFOPLIST_FILE = digio/Info.plist;
				INFOPLIST_KEY_UIApplicationSupportsIndirectInputEvents = YES;
				INFOPLIST_KEY_UILaunchStoryboardName = LaunchScreen;
				INFOPLIST_KEY_UIMainStoryboardFile = Main;
				INFOPLIST_KEY_UISupportedInterfaceOrientations = UIInterfaceOrientationPortrait;
				INFOPLIST_KEY_UISupportedInterfaceOrientations_iPad = "UIInterfaceOrientationLandscapeLeft UIInterfaceOrientationLandscapeRight UIInterfaceOrientationPortrait UIInterfaceOrientationPortraitUpsideDown";
				IPHONEOS_DEPLOYMENT_TARGET = 12.0;
				LD_RUNPATH_SEARCH_PATHS = (
					"$(inherited)",
					"@executable_path/Frameworks",
				);
				MARKETING_VERSION = 1.0;
				PRODUCT_BUNDLE_IDENTIFIER = br.com.ianfagundes.digio;
				PRODUCT_NAME = "$(TARGET_NAME)";
				SUPPORTED_PLATFORMS = "iphoneos iphonesimulator";
				SUPPORTS_MACCATALYST = NO;
				SUPPORTS_MAC_DESIGNED_FOR_IPHONE_IPAD = NO;
				SUPPORTS_XR_DESIGNED_FOR_IPHONE_IPAD = NO;
				SWIFT_EMIT_LOC_STRINGS = YES;
				SWIFT_VERSION = 4.2;
				TARGETED_DEVICE_FAMILY = 1;
			};
			name = Release;
		};
		1472E1702C77D3D9009CA7C3 /* Debug */ = {
			isa = XCBuildConfiguration;
			baseConfigurationReference = AE62CE828DD361F4C2C27E58 /* Pods-digioTests.debug.xcconfig */;
			buildSettings = {
				ALWAYS_EMBED_SWIFT_STANDARD_LIBRARIES = YES;
				BUNDLE_LOADER = "$(TEST_HOST)";
				CODE_SIGN_STYLE = Automatic;
				CURRENT_PROJECT_VERSION = 1;
				DEVELOPMENT_TEAM = WDD8N4CRD3;
				GENERATE_INFOPLIST_FILE = YES;
				IPHONEOS_DEPLOYMENT_TARGET = 17.5;
				MARKETING_VERSION = 1.0;
				PRODUCT_BUNDLE_IDENTIFIER = br.com.ianfagundes.digioTests;
				PRODUCT_NAME = "$(TARGET_NAME)";
				SWIFT_EMIT_LOC_STRINGS = NO;
				SWIFT_VERSION = 5.0;
				TARGETED_DEVICE_FAMILY = "1,2";
				TEST_HOST = "$(BUILT_PRODUCTS_DIR)/digio.app/$(BUNDLE_EXECUTABLE_FOLDER_PATH)/digio";
			};
			name = Debug;
		};
		1472E1712C77D3D9009CA7C3 /* Release */ = {
			isa = XCBuildConfiguration;
			baseConfigurationReference = B09BF6EE496F66340EE673D2 /* Pods-digioTests.release.xcconfig */;
			buildSettings = {
				ALWAYS_EMBED_SWIFT_STANDARD_LIBRARIES = YES;
				BUNDLE_LOADER = "$(TEST_HOST)";
				CODE_SIGN_STYLE = Automatic;
				CURRENT_PROJECT_VERSION = 1;
				DEVELOPMENT_TEAM = WDD8N4CRD3;
				GENERATE_INFOPLIST_FILE = YES;
				IPHONEOS_DEPLOYMENT_TARGET = 17.5;
				MARKETING_VERSION = 1.0;
				PRODUCT_BUNDLE_IDENTIFIER = br.com.ianfagundes.digioTests;
				PRODUCT_NAME = "$(TARGET_NAME)";
				SWIFT_EMIT_LOC_STRINGS = NO;
				SWIFT_VERSION = 5.0;
				TARGETED_DEVICE_FAMILY = "1,2";
				TEST_HOST = "$(BUILT_PRODUCTS_DIR)/digio.app/$(BUNDLE_EXECUTABLE_FOLDER_PATH)/digio";
			};
			name = Release;
		};
		1472E1732C77D3D9009CA7C3 /* Debug */ = {
			isa = XCBuildConfiguration;
			baseConfigurationReference = 3125327B8F563F623392137E /* Pods-digio-digioUITests.debug.xcconfig */;
			buildSettings = {
				ALWAYS_EMBED_SWIFT_STANDARD_LIBRARIES = YES;
				CODE_SIGN_STYLE = Automatic;
				CURRENT_PROJECT_VERSION = 1;
				DEVELOPMENT_TEAM = WDD8N4CRD3;
				GENERATE_INFOPLIST_FILE = YES;
				MARKETING_VERSION = 1.0;
				PRODUCT_BUNDLE_IDENTIFIER = br.com.ianfagundes.digioUITests;
				PRODUCT_NAME = "$(TARGET_NAME)";
				SWIFT_EMIT_LOC_STRINGS = NO;
				SWIFT_VERSION = 5.0;
				TARGETED_DEVICE_FAMILY = "1,2";
				TEST_TARGET_NAME = digio;
			};
			name = Debug;
		};
		1472E1742C77D3D9009CA7C3 /* Release */ = {
			isa = XCBuildConfiguration;
			baseConfigurationReference = 1B59AD66CB21A63C7BC0C926 /* Pods-digio-digioUITests.release.xcconfig */;
			buildSettings = {
				ALWAYS_EMBED_SWIFT_STANDARD_LIBRARIES = YES;
				CODE_SIGN_STYLE = Automatic;
				CURRENT_PROJECT_VERSION = 1;
				DEVELOPMENT_TEAM = WDD8N4CRD3;
				GENERATE_INFOPLIST_FILE = YES;
				MARKETING_VERSION = 1.0;
				PRODUCT_BUNDLE_IDENTIFIER = br.com.ianfagundes.digioUITests;
				PRODUCT_NAME = "$(TARGET_NAME)";
				SWIFT_EMIT_LOC_STRINGS = NO;
				SWIFT_VERSION = 5.0;
				TARGETED_DEVICE_FAMILY = "1,2";
				TEST_TARGET_NAME = digio;
			};
			name = Release;
		};
/* End XCBuildConfiguration section */

/* Begin XCConfigurationList section */
		1472E13D2C77D3D8009CA7C3 /* Build configuration list for PBXProject "digio" */ = {
			isa = XCConfigurationList;
			buildConfigurations = (
				1472E16A2C77D3D9009CA7C3 /* Debug */,
				1472E16B2C77D3D9009CA7C3 /* Release */,
			);
			defaultConfigurationIsVisible = 0;
			defaultConfigurationName = Release;
		};
		1472E16C2C77D3D9009CA7C3 /* Build configuration list for PBXNativeTarget "digio" */ = {
			isa = XCConfigurationList;
			buildConfigurations = (
				1472E16D2C77D3D9009CA7C3 /* Debug */,
				1472E16E2C77D3D9009CA7C3 /* Release */,
			);
			defaultConfigurationIsVisible = 0;
			defaultConfigurationName = Release;
		};
		1472E16F2C77D3D9009CA7C3 /* Build configuration list for PBXNativeTarget "digioTests" */ = {
			isa = XCConfigurationList;
			buildConfigurations = (
				1472E1702C77D3D9009CA7C3 /* Debug */,
				1472E1712C77D3D9009CA7C3 /* Release */,
			);
			defaultConfigurationIsVisible = 0;
			defaultConfigurationName = Release;
		};
		1472E1722C77D3D9009CA7C3 /* Build configuration list for PBXNativeTarget "digioUITests" */ = {
			isa = XCConfigurationList;
			buildConfigurations = (
				1472E1732C77D3D9009CA7C3 /* Debug */,
				1472E1742C77D3D9009CA7C3 /* Release */,
			);
			defaultConfigurationIsVisible = 0;
			defaultConfigurationName = Release;
		};
/* End XCConfigurationList section */
	};
	rootObject = 1472E13A2C77D3D8009CA7C3 /* Project object */;
}
